
Microsoft Visual Studio Solution File, Format Version 12.00
# Visual Studio Version 17
VisualStudioVersion = 17.0.31903.59
MinimumVisualStudioVersion = 10.0.40219.1
Project("{FAE04EC0-301F-11D3-BF4B-00C04F79EFBC}") = "StudentApi", "StudentApi\StudentApi.csproj", "{A83BC18D-697C-475A-BD38-6E9D1502CC63}"
EndProject
Global
	GlobalSection(SolutionConfigurationPlatforms) = preSolution
		Debug|Any CPU = Debug|Any CPU
		Release|Any CPU = Release|Any CPU
	EndGlobalSection
	GlobalSection(ProjectConfigurationPlatforms) = postSolution
		{A83BC18D-697C-475A-BD38-6E9D1502CC63}.Debug|Any CPU.ActiveCfg = Debug|Any CPU
		{A83BC18D-697C-475A-BD38-6E9D1502CC63}.Debug|Any CPU.Build.0 = Debug|Any CPU
		{A83BC18D-697C-475A-BD38-6E9D1502CC63}.Release|Any CPU.ActiveCfg = Release|Any CPU
		{A83BC18D-697C-475A-BD38-6E9D1502CC63}.Release|Any CPU.Build.0 = Release|Any CPU
	EndGlobalSection
	GlobalSection(SolutionProperties) = preSolution
		HideSolutionNode = FALSE
	EndGlobalSection
	GlobalSection(ExtensibilityGlobals) = postSolution
		SolutionGuid = {8FF292CF-14E2-4C7A-ACE7-948570BD8637}
	EndGlobalSection
EndGlobal
